// !$*UTF8*$!
{
	archiveVersion = 1;
	classes = {
	};
	objectVersion = 46;
	objects = {

/* Begin PBXBuildFile section */
		7532321B1C207F5800C81775 /* main.m in Sources */ = {isa = PBXBuildFile; fileRef = 7532321A1C207F5800C81775 /* main.m */; };
		7532321E1C207F5800C81775 /* AppDelegate.m in Sources */ = {isa = PBXBuildFile; fileRef = 7532321D1C207F5800C81775 /* AppDelegate.m */; };
		753232211C207F5800C81775 /* iOSTask.xcdatamodeld in Sources */ = {isa = PBXBuildFile; fileRef = 7532321F1C207F5800C81775 /* iOSTask.xcdatamodeld */; };
		753232241C207F5800C81775 /* ViewController.m in Sources */ = {isa = PBXBuildFile; fileRef = 753232231C207F5800C81775 /* ViewController.m */; };
		753232271C207F5800C81775 /* Main.storyboard in Resources */ = {isa = PBXBuildFile; fileRef = 753232251C207F5800C81775 /* Main.storyboard */; };
		753232291C207F5800C81775 /* Images.xcassets in Resources */ = {isa = PBXBuildFile; fileRef = 753232281C207F5800C81775 /* Images.xcassets */; };
		7532322C1C207F5800C81775 /* LaunchScreen.xib in Resources */ = {isa = PBXBuildFile; fileRef = 7532322A1C207F5800C81775 /* LaunchScreen.xib */; };
		753232381C207F5800C81775 /* iOSTaskTests.m in Sources */ = {isa = PBXBuildFile; fileRef = 753232371C207F5800C81775 /* iOSTaskTests.m */; };
/* End PBXBuildFile section */

/* Begin PBXContainerItemProxy section */
		753232321C207F5800C81775 /* PBXContainerItemProxy */ = {
			isa = PBXContainerItemProxy;
			containerPortal = 7532320D1C207F5800C81775 /* Project object */;
			proxyType = 1;
			remoteGlobalIDString = 753232141C207F5800C81775;
			remoteInfo = iOSTask;
		};
/* End PBXContainerItemProxy section */

/* Begin PBXFileReference section */
		753232151C207F5800C81775 /* iOSTask.app */ = {isa = PBXFileReference; explicitFileType = wrapper.application; includeInIndex = 0; path = iOSTask.app; sourceTree = BUILT_PRODUCTS_DIR; };
		753232191C207F5800C81775 /* Info.plist */ = {isa = PBXFileReference; lastKnownFileType = text.plist.xml; path = Info.plist; sourceTree = "<group>"; };
		7532321A1C207F5800C81775 /* main.m */ = {isa = PBXFileReference; lastKnownFileType = sourcecode.c.objc; path = main.m; sourceTree = "<group>"; };
		7532321C1C207F5800C81775 /* AppDelegate.h */ = {isa = PBXFileReference; lastKnownFileType = sourcecode.c.h; path = AppDelegate.h; sourceTree = "<group>"; };
		7532321D1C207F5800C81775 /* AppDelegate.m */ = {isa = PBXFileReference; lastKnownFileType = sourcecode.c.objc; path = AppDelegate.m; sourceTree = "<group>"; };
		753232201C207F5800C81775 /* iOSTask.xcdatamodel */ = {isa = PBXFileReference; lastKnownFileType = wrapper.xcdatamodel; path = iOSTask.xcdatamodel; sourceTree = "<group>"; };
		753232221C207F5800C81775 /* ViewController.h */ = {isa = PBXFileReference; lastKnownFileType = sourcecode.c.h; path = ViewController.h; sourceTree = "<group>"; };
		753232231C207F5800C81775 /* ViewController.m */ = {isa = PBXFileReference; lastKnownFileType = sourcecode.c.objc; path = ViewController.m; sourceTree = "<group>"; };
		753232261C207F5800C81775 /* Base */ = {isa = PBXFileReference; lastKnownFileType = file.storyboard; name = Base; path = Base.lproj/Main.storyboard; sourceTree = "<group>"; };
		753232281C207F5800C81775 /* Images.xcassets */ = {isa = PBXFileReference; lastKnownFileType = folder.assetcatalog; path = Images.xcassets; sourceTree = "<group>"; };
		7532322B1C207F5800C81775 /* Base */ = {isa = PBXFileReference; lastKnownFileType = file.xib; name = Base; path = Base.lproj/LaunchScreen.xib; sourceTree = "<group>"; };
		753232311C207F5800C81775 /* iOSTaskTests.xctest */ = {isa = PBXFileReference; explicitFileType = wrapper.cfbundle; includeInIndex = 0; path = iOSTaskTests.xctest; sourceTree = BUILT_PRODUCTS_DIR; };
		753232361C207F5800C81775 /* Info.plist */ = {isa = PBXFileReference; lastKnownFileType = text.plist.xml; path = Info.plist; sourceTree = "<group>"; };
		753232371C207F5800C81775 /* iOSTaskTests.m */ = {isa = PBXFileReference; lastKnownFileType = sourcecode.c.objc; path = iOSTaskTests.m; sourceTree = "<group>"; };
/* End PBXFileReference section */

/* Begin PBXFrameworksBuildPhase section */
		753232121C207F5800C81775 /* Frameworks */ = {
			isa = PBXFrameworksBuildPhase;
			buildActionMask = 2147483647;
			files = (
			);
			runOnlyForDeploymentPostprocessing = 0;
		};
		7532322E1C207F5800C81775 /* Frameworks */ = {
			isa = PBXFrameworksBuildPhase;
			buildActionMask = 2147483647;
			files = (
			);
			runOnlyForDeploymentPostprocessing = 0;
		};
/* End PBXFrameworksBuildPhase section */

/* Begin PBXGroup section */
		7532320C1C207F5800C81775 = {
			isa = PBXGroup;
			children = (
				753232171C207F5800C81775 /* iOSTask */,
				753232341C207F5800C81775 /* iOSTaskTests */,
				753232161C207F5800C81775 /* Products */,
			);
			sourceTree = "<group>";
		};
		753232161C207F5800C81775 /* Products */ = {
			isa = PBXGroup;
			children = (
				753232151C207F5800C81775 /* iOSTask.app */,
				753232311C207F5800C81775 /* iOSTaskTests.xctest */,
			);
			name = Products;
			sourceTree = "<group>";
		};
		753232171C207F5800C81775 /* iOSTask */ = {
			isa = PBXGroup;
			children = (
				7532321C1C207F5800C81775 /* AppDelegate.h */,
				7532321D1C207F5800C81775 /* AppDelegate.m */,
				753232221C207F5800C81775 /* ViewController.h */,
				753232231C207F5800C81775 /* ViewController.m */,
				753232251C207F5800C81775 /* Main.storyboard */,
				753232281C207F5800C81775 /* Images.xcassets */,
				7532322A1C207F5800C81775 /* LaunchScreen.xib */,
				7532321F1C207F5800C81775 /* iOSTask.xcdatamodeld */,
				753232181C207F5800C81775 /* Supporting Files */,
			);
			path = iOSTask;
			sourceTree = "<group>";
		};
		753232181C207F5800C81775 /* Supporting Files */ = {
			isa = PBXGroup;
			children = (
				753232191C207F5800C81775 /* Info.plist */,
				7532321A1C207F5800C81775 /* main.m */,
			);
			name = "Supporting Files";
			sourceTree = "<group>";
		};
		753232341C207F5800C81775 /* iOSTaskTests */ = {
			isa = PBXGroup;
			children = (
				753232371C207F5800C81775 /* iOSTaskTests.m */,
				753232351C207F5800C81775 /* Supporting Files */,
			);
			path = iOSTaskTests;
			sourceTree = "<group>";
		};
		753232351C207F5800C81775 /* Supporting Files */ = {
			isa = PBXGroup;
			children = (
				753232361C207F5800C81775 /* Info.plist */,
			);
			name = "Supporting Files";
			sourceTree = "<group>";
		};
/* End PBXGroup section */

/* Begin PBXNativeTarget section */
		753232141C207F5800C81775 /* iOSTask */ = {
			isa = PBXNativeTarget;
			buildConfigurationList = 7532323B1C207F5800C81775 /* Build configuration list for PBXNativeTarget "iOSTask" */;
			buildPhases = (
				753232111C207F5800C81775 /* Sources */,
				753232121C207F5800C81775 /* Frameworks */,
				753232131C207F5800C81775 /* Resources */,
			);
			buildRules = (
			);
			dependencies = (
			);
			name = iOSTask;
			productName = iOSTask;
			productReference = 753232151C207F5800C81775 /* iOSTask.app */;
			productType = "com.apple.product-type.application";
		};
		753232301C207F5800C81775 /* iOSTaskTests */ = {
			isa = PBXNativeTarget;
			buildConfigurationList = 7532323E1C207F5800C81775 /* Build configuration list for PBXNativeTarget "iOSTaskTests" */;
			buildPhases = (
				7532322D1C207F5800C81775 /* Sources */,
				7532322E1C207F5800C81775 /* Frameworks */,
				7532322F1C207F5800C81775 /* Resources */,
			);
			buildRules = (
			);
			dependencies = (
				753232331C207F5800C81775 /* PBXTargetDependency */,
			);
			name = iOSTaskTests;
			productName = iOSTaskTests;
			productReference = 753232311C207F5800C81775 /* iOSTaskTests.xctest */;
			productType = "com.apple.product-type.bundle.unit-test";
		};
/* End PBXNativeTarget section */

/* Begin PBXProject section */
		7532320D1C207F5800C81775 /* Project object */ = {
			isa = PBXProject;
			attributes = {
				LastUpgradeCheck = 0640;
				ORGANIZATIONNAME = mobility2;
				TargetAttributes = {
					753232141C207F5800C81775 = {
						CreatedOnToolsVersion = 6.4;
					};
					753232301C207F5800C81775 = {
						CreatedOnToolsVersion = 6.4;
						TestTargetID = 753232141C207F5800C81775;
					};
				};
			};
			buildConfigurationList = 753232101C207F5800C81775 /* Build configuration list for PBXProject "iOSTask" */;
			compatibilityVersion = "Xcode 3.2";
			developmentRegion = English;
			hasScannedForEncodings = 0;
			knownRegions = (
				en,
				Base,
			);
			mainGroup = 7532320C1C207F5800C81775;
			productRefGroup = 753232161C207F5800C81775 /* Products */;
			projectDirPath = "";
			projectRoot = "";
			targets = (
				753232141C207F5800C81775 /* iOSTask */,
				753232301C207F5800C81775 /* iOSTaskTests */,
			);
		};
/* End PBXProject section */

/* Begin PBXResourcesBuildPhase section */
		753232131C207F5800C81775 /* Resources */ = {
			isa = PBXResourcesBuildPhase;
			buildActionMask = 2147483647;
			files = (
				753232271C207F5800C81775 /* Main.storyboard in Resources */,
				7532322C1C207F5800C81775 /* LaunchScreen.xib in Resources */,
				753232291C207F5800C81775 /* Images.xcassets in Resources */,
			);
			runOnlyForDeploymentPostprocessing = 0;
		};
		7532322F1C207F5800C81775 /* Resources */ = {
			isa = PBXResourcesBuildPhase;
			buildActionMask = 2147483647;
			files = (
			);
			runOnlyForDeploymentPostprocessing = 0;
		};
/* End PBXResourcesBuildPhase section */

/* Begin PBXSourcesBuildPhase section */
		753232111C207F5800C81775 /* Sources */ = {
			isa = PBXSourcesBuildPhase;
			buildActionMask = 2147483647;
			files = (
				7532321E1C207F5800C81775 /* AppDelegate.m in Sources */,
				753232211C207F5800C81775 /* iOSTask.xcdatamodeld in Sources */,
				753232241C207F5800C81775 /* ViewController.m in Sources */,
				7532321B1C207F5800C81775 /* main.m in Sources */,
			);
			runOnlyForDeploymentPostprocessing = 0;
		};
		7532322D1C207F5800C81775 /* Sources */ = {
			isa = PBXSourcesBuildPhase;
			buildActionMask = 2147483647;
			files = (
				753232381C207F5800C81775 /* iOSTaskTests.m in Sources */,
			);
			runOnlyForDeploymentPostprocessing = 0;
		};
/* End PBXSourcesBuildPhase section */

/* Begin PBXTargetDependency section */
		753232331C207F5800C81775 /* PBXTargetDependency */ = {
			isa = PBXTargetDependency;
			target = 753232141C207F5800C81775 /* iOSTask */;
			targetProxy = 753232321C207F5800C81775 /* PBXContainerItemProxy */;
		};
/* End PBXTargetDependency section */

/* Begin PBXVariantGroup section */
		753232251C207F5800C81775 /* Main.storyboard */ = {
			isa = PBXVariantGroup;
			children = (
				753232261C207F5800C81775 /* Base */,
			);
			name = Main.storyboard;
			sourceTree = "<group>";
		};
		7532322A1C207F5800C81775 /* LaunchScreen.xib */ = {
			isa = PBXVariantGroup;
			children = (
				7532322B1C207F5800C81775 /* Base */,
			);
			name = LaunchScreen.xib;
			sourceTree = "<group>";
		};
/* End PBXVariantGroup section */

/* Begin XCBuildConfiguration section */
		753232391C207F5800C81775 /* Debug */ = {
			isa = XCBuildConfiguration;
			buildSettings = {
				ALWAYS_SEARCH_USER_PATHS = NO;
				CLANG_CXX_LANGUAGE_STANDARD = "gnu++0x";
				CLANG_CXX_LIBRARY = "libc++";
				CLANG_ENABLE_MODULES = YES;
				CLANG_ENABLE_OBJC_ARC = YES;
				CLANG_WARN_BOOL_CONVERSION = YES;
				CLANG_WARN_CONSTANT_CONVERSION = YES;
				CLANG_WARN_DIRECT_OBJC_ISA_USAGE = YES_ERROR;
				CLANG_WARN_EMPTY_BODY = YES;
				CLANG_WARN_ENUM_CONVERSION = YES;
				CLANG_WARN_INT_CONVERSION = YES;
				CLANG_WARN_OBJC_ROOT_CLASS = YES_ERROR;
				CLANG_WARN_UNREACHABLE_CODE = YES;
				CLANG_WARN__DUPLICATE_METHOD_MATCH = YES;
				"CODE_SIGN_IDENTITY[sdk=iphoneos*]" = "iPhone Developer";
				COPY_PHASE_STRIP = NO;
				DEBUG_INFORMATION_FORMAT = "dwarf-with-dsym";
				ENABLE_STRICT_OBJC_MSGSEND = YES;
				GCC_C_LANGUAGE_STANDARD = gnu99;
				GCC_DYNAMIC_NO_PIC = NO;
				GCC_NO_COMMON_BLOCKS = YES;
				GCC_OPTIMIZATION_LEVEL = 0;
				GCC_PREPROCESSOR_DEFINITIONS = (
					"DEBUG=1",
					"$(inherited)",
				);
				GCC_SYMBOLS_PRIVATE_EXTERN = NO;
				GCC_WARN_64_TO_32_BIT_CONVERSION = YES;
				GCC_WARN_ABOUT_RETURN_TYPE = YES_ERROR;
				GCC_WARN_UNDECLARED_SELECTOR = YES;
				GCC_WARN_UNINITIALIZED_AUTOS = YES_AGGRESSIVE;
				GCC_WARN_UNUSED_FUNCTION = YES;
				GCC_WARN_UNUSED_VARIABLE = YES;
				IPHONEOS_DEPLOYMENT_TARGET = 8.4;
				MTL_ENABLE_DEBUG_INFO = YES;
				ONLY_ACTIVE_ARCH = YES;
				SDKROOT = iphoneos;
			};
			name = Debug;
		};
		7532323A1C207F5800C81775 /* Release */ = {
			isa = XCBuildConfiguration;
			buildSettings = {
				ALWAYS_SEARCH_USER_PATHS = NO;
				CLANG_CXX_LANGUAGE_STANDARD = "gnu++0x";
				CLANG_CXX_LIBRARY = "libc++";
				CLANG_ENABLE_MODULES = YES;
				CLANG_ENABLE_OBJC_ARC = YES;
				CLANG_WARN_BOOL_CONVERSION = YES;
				CLANG_WARN_CONSTANT_CONVERSION = YES;
				CLANG_WARN_DIRECT_OBJC_ISA_USAGE = YES_ERROR;
				CLANG_WARN_EMPTY_BODY = YES;
				CLANG_WARN_ENUM_CONVERSION = YES;
				CLANG_WARN_INT_CONVERSION = YES;
				CLANG_WARN_OBJC_ROOT_CLASS = YES_ERROR;
				CLANG_WARN_UNREACHABLE_CODE = YES;
				CLANG_WARN__DUPLICATE_METHOD_MATCH = YES;
				"CODE_SIGN_IDENTITY[sdk=iphoneos*]" = "iPhone Developer";
				COPY_PHASE_STRIP = NO;
				DEBUG_INFORMATION_FORMAT = "dwarf-with-dsym";
				ENABLE_NS_ASSERTIONS = NO;
				ENABLE_STRICT_OBJC_MSGSEND = YES;
				GCC_C_LANGUAGE_STANDARD = gnu99;
				GCC_NO_COMMON_BLOCKS = YES;
				GCC_WARN_64_TO_32_BIT_CONVERSION = YES;
				GCC_WARN_ABOUT_RETURN_TYPE = YES_ERROR;
				GCC_WARN_UNDECLARED_SELECTOR = YES;
				GCC_WARN_UNINITIALIZED_AUTOS = YES_AGGRESSIVE;
				GCC_WARN_UNUSED_FUNCTION = YES;
				GCC_WARN_UNUSED_VARIABLE = YES;
				IPHONEOS_DEPLOYMENT_TARGET = 8.4;
				MTL_ENABLE_DEBUG_INFO = NO;
				SDKROOT = iphoneos;
				VALIDATE_PRODUCT = YES;
			};
			name = Release;
		};
		7532323C1C207F5800C81775 /* Debug */ = {
			isa = XCBuildConfiguration;
			buildSettings = {
				ASSETCATALOG_COMPILER_APPICON_NAME = AppIcon;
				INFOPLIST_FILE = iOSTask/Info.plist;
				LD_RUNPATH_SEARCH_PATHS = "$(inherited) @executable_path/Frameworks";
				PRODUCT_NAME = "$(TARGET_NAME)";
			};
			name = Debug;
		};
		7532323D1C207F5800C81775 /* Release */ = {
			isa = XCBuildConfiguration;
			buildSettings = {
				ASSETCATALOG_COMPILER_APPICON_NAME = AppIcon;
				INFOPLIST_FILE = iOSTask/Info.plist;
				LD_RUNPATH_SEARCH_PATHS = "$(inherited) @executable_path/Frameworks";
				PRODUCT_NAME = "$(TARGET_NAME)";
			};
			name = Release;
		};
		7532323F1C207F5800C81775 /* Debug */ = {
			isa = XCBuildConfiguration;
			buildSettings = {
				BUNDLE_LOADER = "$(TEST_HOST)";
				FRAMEWORK_SEARCH_PATHS = (
					"$(SDKROOT)/Developer/Library/Frameworks",
					"$(inherited)",
				);
				GCC_PREPROCESSOR_DEFINITIONS = (
					"DEBUG=1",
					"$(inherited)",
				);
				INFOPLIST_FILE = iOSTaskTests/Info.plist;
				LD_RUNPATH_SEARCH_PATHS = "$(inherited) @executable_path/Frameworks @loader_path/Frameworks";
				PRODUCT_NAME = "$(TARGET_NAME)";
				TEST_HOST = "$(BUILT_PRODUCTS_DIR)/iOSTask.app/iOSTask";
			};
			name = Debug;
		};
		753232401C207F5800C81775 /* Release */ = {
			isa = XCBuildConfiguration;
			buildSettings = {
				BUNDLE_LOADER = "$(TEST_HOST)";
				FRAMEWORK_SEARCH_PATHS = (
					"$(SDKROOT)/Developer/Library/Frameworks",
					"$(inherited)",
				);
				INFOPLIST_FILE = iOSTaskTests/Info.plist;
				LD_RUNPATH_SEARCH_PATHS = "$(inherited) @executable_path/Frameworks @loader_path/Frameworks";
				PRODUCT_NAME = "$(TARGET_NAME)";
				TEST_HOST = "$(BUILT_PRODUCTS_DIR)/iOSTask.app/iOSTask";
			};
			name = Release;
		};
/* End XCBuildConfiguration section */

/* Begin XCConfigurationList section */
		753232101C207F5800C81775 /* Build configuration list for PBXProject "iOSTask" */ = {
			isa = XCConfigurationList;
			buildConfigurations = (
				753232391C207F5800C81775 /* Debug */,
				7532323A1C207F5800C81775 /* Release */,
			);
			defaultConfigurationIsVisible = 0;
			defaultConfigurationName = Release;
		};
		7532323B1C207F5800C81775 /* Build configuration list for PBXNativeTarget "iOSTask" */ = {
			isa = XCConfigurationList;
			buildConfigurations = (
				7532323C1C207F5800C81775 /* Debug */,
				7532323D1C207F5800C81775 /* Release */,
			);
			defaultConfigurationIsVisible = 0;
		};
		7532323E1C207F5800C81775 /* Build configuration list for PBXNativeTarget "iOSTaskTests" */ = {
			isa = XCConfigurationList;
			buildConfigurations = (
				7532323F1C207F5800C81775 /* Debug */,
				753232401C207F5800C81775 /* Release */,
			);
			defaultConfigurationIsVisible = 0;
		};
/* End XCConfigurationList section */

/* Begin XCVersionGroup section */
		7532321F1C207F5800C81775 /* iOSTask.xcdatamodeld */ = {
			isa = XCVersionGroup;
			children = (
				753232201C207F5800C81775 /* iOSTask.xcdatamodel */,
			);
			currentVersion = 753232201C207F5800C81775 /* iOSTask.xcdatamodel */;
			path = iOSTask.xcdatamodeld;
			sourceTree = "<group>";
			versionGroupType = wrapper.xcdatamodel;
		};
/* End XCVersionGroup section */
	};
	rootObject = 7532320D1C207F5800C81775 /* Project object */;
}
